
Microsoft Visual Studio Solution File, Format Version 12.00
# Visual Studio 14
VisualStudioVersion = 14.0.25420.1
MinimumVisualStudioVersion = 10.0.40219.1
Project("{FAE04EC0-301F-11D3-BF4B-00C04F79EFBC}") = "Testing", "Testing\Testing.csproj", "{0AFAB303-AF3F-4EF4-9594-E653B9EA6E6A}"
EndProject
Project("{FAE04EC0-301F-11D3-BF4B-00C04F79EFBC}") = "TestThreading", "TestThreading\TestThreading.csproj", "{5FFAF8F1-173C-4581-9737-102DA84CF5E2}"
EndProject
Project("{FAE04EC0-301F-11D3-BF4B-00C04F79EFBC}") = "The Logger", "The Logger\The Logger.csproj", "{A810F687-47E9-4A4D-86A0-29B653B4D81A}"
EndProject
Project("{FAE04EC0-301F-11D3-BF4B-00C04F79EFBC}") = "WindowsService1", "WindowsService1\WindowsService1.csproj", "{3BCC3BA2-5184-4029-BC04-AEF80D3B3901}"
EndProject
Project("{FAE04EC0-301F-11D3-BF4B-00C04F79EFBC}") = "EventsAndDelegates", "EventsAndDelegates\EventsAndDelegates.csproj", "{F0C6ECD5-CE28-4C9B-825C-3C1D9EC927B4}"
EndProject
Project("{2150E333-8FDC-42A3-9474-1A3956D46DE8}") = "Moss - Learning", "Moss - Learning", "{322AC76D-B35F-4298-8F54-DB99AA611B20}"
EndProject
Project("{2150E333-8FDC-42A3-9474-1A3956D46DE8}") = "Delegates", "Delegates", "{15C82386-7625-41A2-A175-91F3F6474E32}"
EndProject
Project("{FAE04EC0-301F-11D3-BF4B-00C04F79EFBC}") = "Delegate_Testing", "Delegate_Testing\Delegate_Testing.csproj", "{532537BD-1EA0-478B-B038-FF2B885A833E}"
EndProject
Project("{2150E333-8FDC-42A3-9474-1A3956D46DE8}") = "Interfaces", "Interfaces", "{81C85D05-E278-4DDE-84C8-29EE6DA29735}"
EndProject
Project("{2150E333-8FDC-42A3-9474-1A3956D46DE8}") = "Threading", "Threading", "{3952C378-B7D0-4837-AFA0-93E2BD5E1B69}"
EndProject
Project("{2150E333-8FDC-42A3-9474-1A3956D46DE8}") = "Logging", "Logging", "{963902EE-1449-427D-9788-D10B4FCC3BEA}"
EndProject
Project("{2150E333-8FDC-42A3-9474-1A3956D46DE8}") = "Services", "Services", "{B956C947-B5BA-4CE5-A559-298CB1B6C2D6}"
EndProject
Project("{2150E333-8FDC-42A3-9474-1A3956D46DE8}") = "Web", "Web", "{F4E9C858-2072-454B-931B-546F203A0BD9}"
EndProject
Project("{2150E333-8FDC-42A3-9474-1A3956D46DE8}") = "Windows", "Windows", "{8ACEF514-DF42-47C9-A744-E89537BB67A1}"
EndProject
Project("{2150E333-8FDC-42A3-9474-1A3956D46DE8}") = "Genrics", "Genrics", "{7E733297-A73D-4E07-9FEA-D453C22FD551}"
EndProject
Project("{FAE04EC0-301F-11D3-BF4B-00C04F79EFBC}") = "Genrics_Testing", "Genrics_Testing\Genrics_Testing.csproj", "{7C75160E-650E-4601-9B04-3687B21D4F5E}"
EndProject
Project("{2150E333-8FDC-42A3-9474-1A3956D46DE8}") = "Randoms", "Randoms", "{E3ADF8E4-430B-4E44-9FE6-FB698F2FC21D}"
EndProject
Project("{FAE04EC0-301F-11D3-BF4B-00C04F79EFBC}") = "MSIL", "MSIL\MSIL.csproj", "{D6F2CB8D-D271-4C3C-B9AD-4D07B84ADD8D}"
EndProject
Project("{FAE04EC0-301F-11D3-BF4B-00C04F79EFBC}") = "FastObjectCreation", "FastObjectCreation\FastObjectCreation.csproj", "{BD721E12-FA7A-414D-86E5-8EE5CA0B9EDA}"
EndProject
Project("{2150E333-8FDC-42A3-9474-1A3956D46DE8}") = "Web", "Web", "{F1972233-F5E4-4143-8E14-11FEF249CE57}"
EndProject
Project("{FAE04EC0-301F-11D3-BF4B-00C04F79EFBC}") = "TestThreading2", "TestThreading2\TestThreading2.csproj", "{CF400B78-E1F7-443D-A29B-0739DD935535}"
EndProject
Project("{FAE04EC0-301F-11D3-BF4B-00C04F79EFBC}") = "LoopTester", "LoopTester\LoopTester.csproj", "{633381C9-C697-4029-ADDE-FE5A0B9BBDEF}"
EndProject
Project("{FAE04EC0-301F-11D3-BF4B-00C04F79EFBC}") = "AutomatedTellerMachine", "AutomatedTellerMachine\AutomatedTellerMachine.csproj", "{FED5E01D-F98C-49AF-9C3F-0AA08116DC90}"
EndProject
Project("{FAE04EC0-301F-11D3-BF4B-00C04F79EFBC}") = "AutomatedTellerMachine.Tests", "AutomatedTellerMachine.Tests\AutomatedTellerMachine.Tests.csproj", "{E01C61D4-6FDF-4CFE-B4E8-81B6764EC657}"
EndProject
Project("{FAE04EC0-301F-11D3-BF4B-00C04F79EFBC}") = "TestThreading3", "TestThreading3\TestThreading3.csproj", "{A33ECBA6-3739-4B6D-8A32-E3DCEBBE0E7C}"
EndProject
Project("{2150E333-8FDC-42A3-9474-1A3956D46DE8}") = "WIndows", "WIndows", "{7F4E0852-8A04-4754-8705-DA146C7EFFCC}"
EndProject
Project("{FAE04EC0-301F-11D3-BF4B-00C04F79EFBC}") = "WindowsFormTesting", "WindowsFormTesting\WindowsFormTesting.csproj", "{AC454990-7629-4DFC-9CCB-797906277BE9}"
EndProject
Project("{2150E333-8FDC-42A3-9474-1A3956D46DE8}") = "WPF", "WPF", "{DE95A56B-F8F7-4297-9165-E122FB41109D}"
EndProject
Project("{FAE04EC0-301F-11D3-BF4B-00C04F79EFBC}") = "TestingWPF", "TestingWPF\TestingWPF.csproj", "{10597D35-06F8-4161-B510-F5535C0BC8CF}"
EndProject
Global
	GlobalSection(SolutionConfigurationPlatforms) = preSolution
		Debug|Any CPU = Debug|Any CPU
		Release|Any CPU = Release|Any CPU
	EndGlobalSection
	GlobalSection(ProjectConfigurationPlatforms) = postSolution
		{0AFAB303-AF3F-4EF4-9594-E653B9EA6E6A}.Debug|Any CPU.ActiveCfg = Debug|Any CPU
		{0AFAB303-AF3F-4EF4-9594-E653B9EA6E6A}.Debug|Any CPU.Build.0 = Debug|Any CPU
		{0AFAB303-AF3F-4EF4-9594-E653B9EA6E6A}.Release|Any CPU.ActiveCfg = Release|Any CPU
		{0AFAB303-AF3F-4EF4-9594-E653B9EA6E6A}.Release|Any CPU.Build.0 = Release|Any CPU
		{5FFAF8F1-173C-4581-9737-102DA84CF5E2}.Debug|Any CPU.ActiveCfg = Debug|Any CPU
		{5FFAF8F1-173C-4581-9737-102DA84CF5E2}.Debug|Any CPU.Build.0 = Debug|Any CPU
		{5FFAF8F1-173C-4581-9737-102DA84CF5E2}.Release|Any CPU.ActiveCfg = Release|Any CPU
		{5FFAF8F1-173C-4581-9737-102DA84CF5E2}.Release|Any CPU.Build.0 = Release|Any CPU
		{A810F687-47E9-4A4D-86A0-29B653B4D81A}.Debug|Any CPU.ActiveCfg = Debug|Any CPU
		{A810F687-47E9-4A4D-86A0-29B653B4D81A}.Debug|Any CPU.Build.0 = Debug|Any CPU
		{A810F687-47E9-4A4D-86A0-29B653B4D81A}.Release|Any CPU.ActiveCfg = Release|Any CPU
		{A810F687-47E9-4A4D-86A0-29B653B4D81A}.Release|Any CPU.Build.0 = Release|Any CPU
		{3BCC3BA2-5184-4029-BC04-AEF80D3B3901}.Debug|Any CPU.ActiveCfg = Debug|Any CPU
		{3BCC3BA2-5184-4029-BC04-AEF80D3B3901}.Debug|Any CPU.Build.0 = Debug|Any CPU
		{3BCC3BA2-5184-4029-BC04-AEF80D3B3901}.Release|Any CPU.ActiveCfg = Release|Any CPU
		{3BCC3BA2-5184-4029-BC04-AEF80D3B3901}.Release|Any CPU.Build.0 = Release|Any CPU
		{F0C6ECD5-CE28-4C9B-825C-3C1D9EC927B4}.Debug|Any CPU.ActiveCfg = Debug|Any CPU
		{F0C6ECD5-CE28-4C9B-825C-3C1D9EC927B4}.Debug|Any CPU.Build.0 = Debug|Any CPU
		{F0C6ECD5-CE28-4C9B-825C-3C1D9EC927B4}.Release|Any CPU.ActiveCfg = Release|Any CPU
		{F0C6ECD5-CE28-4C9B-825C-3C1D9EC927B4}.Release|Any CPU.Build.0 = Release|Any CPU
		{532537BD-1EA0-478B-B038-FF2B885A833E}.Debug|Any CPU.ActiveCfg = Debug|Any CPU
		{532537BD-1EA0-478B-B038-FF2B885A833E}.Debug|Any CPU.Build.0 = Debug|Any CPU
		{532537BD-1EA0-478B-B038-FF2B885A833E}.Release|Any CPU.ActiveCfg = Release|Any CPU
		{532537BD-1EA0-478B-B038-FF2B885A833E}.Release|Any CPU.Build.0 = Release|Any CPU
		{7C75160E-650E-4601-9B04-3687B21D4F5E}.Debug|Any CPU.ActiveCfg = Debug|Any CPU
		{7C75160E-650E-4601-9B04-3687B21D4F5E}.Debug|Any CPU.Build.0 = Debug|Any CPU
		{7C75160E-650E-4601-9B04-3687B21D4F5E}.Release|Any CPU.ActiveCfg = Release|Any CPU
		{7C75160E-650E-4601-9B04-3687B21D4F5E}.Release|Any CPU.Build.0 = Release|Any CPU
		{D6F2CB8D-D271-4C3C-B9AD-4D07B84ADD8D}.Debug|Any CPU.ActiveCfg = Debug|Any CPU
		{D6F2CB8D-D271-4C3C-B9AD-4D07B84ADD8D}.Debug|Any CPU.Build.0 = Debug|Any CPU
		{D6F2CB8D-D271-4C3C-B9AD-4D07B84ADD8D}.Release|Any CPU.ActiveCfg = Release|Any CPU
		{D6F2CB8D-D271-4C3C-B9AD-4D07B84ADD8D}.Release|Any CPU.Build.0 = Release|Any CPU
		{BD721E12-FA7A-414D-86E5-8EE5CA0B9EDA}.Debug|Any CPU.ActiveCfg = Debug|Any CPU
		{BD721E12-FA7A-414D-86E5-8EE5CA0B9EDA}.Debug|Any CPU.Build.0 = Debug|Any CPU
		{BD721E12-FA7A-414D-86E5-8EE5CA0B9EDA}.Release|Any CPU.ActiveCfg = Release|Any CPU
		{BD721E12-FA7A-414D-86E5-8EE5CA0B9EDA}.Release|Any CPU.Build.0 = Release|Any CPU
		{CF400B78-E1F7-443D-A29B-0739DD935535}.Debug|Any CPU.ActiveCfg = Debug|Any CPU
		{CF400B78-E1F7-443D-A29B-0739DD935535}.Debug|Any CPU.Build.0 = Debug|Any CPU
		{CF400B78-E1F7-443D-A29B-0739DD935535}.Release|Any CPU.ActiveCfg = Release|Any CPU
		{CF400B78-E1F7-443D-A29B-0739DD935535}.Release|Any CPU.Build.0 = Release|Any CPU
		{633381C9-C697-4029-ADDE-FE5A0B9BBDEF}.Debug|Any CPU.ActiveCfg = Debug|Any CPU
		{633381C9-C697-4029-ADDE-FE5A0B9BBDEF}.Debug|Any CPU.Build.0 = Debug|Any CPU
		{633381C9-C697-4029-ADDE-FE5A0B9BBDEF}.Release|Any CPU.ActiveCfg = Release|Any CPU
		{633381C9-C697-4029-ADDE-FE5A0B9BBDEF}.Release|Any CPU.Build.0 = Release|Any CPU
		{FED5E01D-F98C-49AF-9C3F-0AA08116DC90}.Debug|Any CPU.ActiveCfg = Debug|Any CPU
		{FED5E01D-F98C-49AF-9C3F-0AA08116DC90}.Debug|Any CPU.Build.0 = Debug|Any CPU
		{FED5E01D-F98C-49AF-9C3F-0AA08116DC90}.Release|Any CPU.ActiveCfg = Release|Any CPU
		{FED5E01D-F98C-49AF-9C3F-0AA08116DC90}.Release|Any CPU.Build.0 = Release|Any CPU
		{E01C61D4-6FDF-4CFE-B4E8-81B6764EC657}.Debug|Any CPU.ActiveCfg = Debug|Any CPU
		{E01C61D4-6FDF-4CFE-B4E8-81B6764EC657}.Debug|Any CPU.Build.0 = Debug|Any CPU
		{E01C61D4-6FDF-4CFE-B4E8-81B6764EC657}.Release|Any CPU.ActiveCfg = Release|Any CPU
		{E01C61D4-6FDF-4CFE-B4E8-81B6764EC657}.Release|Any CPU.Build.0 = Release|Any CPU
		{A33ECBA6-3739-4B6D-8A32-E3DCEBBE0E7C}.Debug|Any CPU.ActiveCfg = Debug|Any CPU
		{A33ECBA6-3739-4B6D-8A32-E3DCEBBE0E7C}.Debug|Any CPU.Build.0 = Debug|Any CPU
		{A33ECBA6-3739-4B6D-8A32-E3DCEBBE0E7C}.Release|Any CPU.ActiveCfg = Release|Any CPU
		{A33ECBA6-3739-4B6D-8A32-E3DCEBBE0E7C}.Release|Any CPU.Build.0 = Release|Any CPU
		{AC454990-7629-4DFC-9CCB-797906277BE9}.Debug|Any CPU.ActiveCfg = Debug|Any CPU
		{AC454990-7629-4DFC-9CCB-797906277BE9}.Debug|Any CPU.Build.0 = Debug|Any CPU
		{AC454990-7629-4DFC-9CCB-797906277BE9}.Release|Any CPU.ActiveCfg = Release|Any CPU
		{AC454990-7629-4DFC-9CCB-797906277BE9}.Release|Any CPU.Build.0 = Release|Any CPU
		{10597D35-06F8-4161-B510-F5535C0BC8CF}.Debug|Any CPU.ActiveCfg = Debug|Any CPU
		{10597D35-06F8-4161-B510-F5535C0BC8CF}.Debug|Any CPU.Build.0 = Debug|Any CPU
		{10597D35-06F8-4161-B510-F5535C0BC8CF}.Release|Any CPU.ActiveCfg = Release|Any CPU
		{10597D35-06F8-4161-B510-F5535C0BC8CF}.Release|Any CPU.Build.0 = Release|Any CPU
	EndGlobalSection
	GlobalSection(SolutionProperties) = preSolution
		HideSolutionNode = FALSE
	EndGlobalSection
	GlobalSection(NestedProjects) = preSolution
		{0AFAB303-AF3F-4EF4-9594-E653B9EA6E6A} = {81C85D05-E278-4DDE-84C8-29EE6DA29735}
		{5FFAF8F1-173C-4581-9737-102DA84CF5E2} = {3952C378-B7D0-4837-AFA0-93E2BD5E1B69}
		{A810F687-47E9-4A4D-86A0-29B653B4D81A} = {963902EE-1449-427D-9788-D10B4FCC3BEA}
		{3BCC3BA2-5184-4029-BC04-AEF80D3B3901} = {8ACEF514-DF42-47C9-A744-E89537BB67A1}
		{F0C6ECD5-CE28-4C9B-825C-3C1D9EC927B4} = {322AC76D-B35F-4298-8F54-DB99AA611B20}
		{532537BD-1EA0-478B-B038-FF2B885A833E} = {15C82386-7625-41A2-A175-91F3F6474E32}
		{F4E9C858-2072-454B-931B-546F203A0BD9} = {B956C947-B5BA-4CE5-A559-298CB1B6C2D6}
		{8ACEF514-DF42-47C9-A744-E89537BB67A1} = {B956C947-B5BA-4CE5-A559-298CB1B6C2D6}
		{7C75160E-650E-4601-9B04-3687B21D4F5E} = {7E733297-A73D-4E07-9FEA-D453C22FD551}
		{D6F2CB8D-D271-4C3C-B9AD-4D07B84ADD8D} = {E3ADF8E4-430B-4E44-9FE6-FB698F2FC21D}
		{BD721E12-FA7A-414D-86E5-8EE5CA0B9EDA} = {E3ADF8E4-430B-4E44-9FE6-FB698F2FC21D}
		{CF400B78-E1F7-443D-A29B-0739DD935535} = {3952C378-B7D0-4837-AFA0-93E2BD5E1B69}
		{633381C9-C697-4029-ADDE-FE5A0B9BBDEF} = {E3ADF8E4-430B-4E44-9FE6-FB698F2FC21D}
		{FED5E01D-F98C-49AF-9C3F-0AA08116DC90} = {F1972233-F5E4-4143-8E14-11FEF249CE57}
		{E01C61D4-6FDF-4CFE-B4E8-81B6764EC657} = {F1972233-F5E4-4143-8E14-11FEF249CE57}
		{A33ECBA6-3739-4B6D-8A32-E3DCEBBE0E7C} = {3952C378-B7D0-4837-AFA0-93E2BD5E1B69}
		{AC454990-7629-4DFC-9CCB-797906277BE9} = {7F4E0852-8A04-4754-8705-DA146C7EFFCC}
		{10597D35-06F8-4161-B510-F5535C0BC8CF} = {DE95A56B-F8F7-4297-9165-E122FB41109D}
	EndGlobalSection
EndGlobal
