
Microsoft Visual Studio Solution File, Format Version 12.00
# Visual Studio 14
VisualStudioVersion = 14.0.25420.1
MinimumVisualStudioVersion = 10.0.40219.1
Project("{FAE04EC0-301F-11D3-BF4B-00C04F79EFBC}") = "Testing", "Testing\Testing.csproj", "{0AFAB303-AF3F-4EF4-9594-E653B9EA6E6A}"
EndProject
Project("{FAE04EC0-301F-11D3-BF4B-00C04F79EFBC}") = "TestThreading", "TestThreading\TestThreading.csproj", "{5FFAF8F1-173C-4581-9737-102DA84CF5E2}"
EndProject
Project("{FAE04EC0-301F-11D3-BF4B-00C04F79EFBC}") = "The Logger", "The Logger\The Logger.csproj", "{A810F687-47E9-4A4D-86A0-29B653B4D81A}"
EndProject
Project("{FAE04EC0-301F-11D3-BF4B-00C04F79EFBC}") = "WindowsService1", "WindowsService1\WindowsService1.csproj", "{3BCC3BA2-5184-4029-BC04-AEF80D3B3901}"
EndProject
Project("{FAE04EC0-301F-11D3-BF4B-00C04F79EFBC}") = "EventsAndDelegates", "EventsAndDelegates\EventsAndDelegates.csproj", "{F0C6ECD5-CE28-4C9B-825C-3C1D9EC927B4}"
EndProject
Project("{2150E333-8FDC-42A3-9474-1A3956D46DE8}") = "Moss - Learning", "Moss - Learning", "{322AC76D-B35F-4298-8F54-DB99AA611B20}"
EndProject
Project("{2150E333-8FDC-42A3-9474-1A3956D46DE8}") = "Delegates", "Delegates", "{15C82386-7625-41A2-A175-91F3F6474E32}"
EndProject
Project("{FAE04EC0-301F-11D3-BF4B-00C04F79EFBC}") = "Delegate_Testing", "Delegate_Testing\Delegate_Testing.csproj", "{532537BD-1EA0-478B-B038-FF2B885A833E}"
EndProject
Project("{2150E333-8FDC-42A3-9474-1A3956D46DE8}") = "Interfaces", "Interfaces", "{81C85D05-E278-4DDE-84C8-29EE6DA29735}"
EndProject
Project("{2150E333-8FDC-42A3-9474-1A3956D46DE8}") = "Threading", "Threading", "{3952C378-B7D0-4837-AFA0-93E2BD5E1B69}"
EndProject
Project("{2150E333-8FDC-42A3-9474-1A3956D46DE8}") = "Logging", "Logging", "{963902EE-1449-427D-9788-D10B4FCC3BEA}"
EndProject
Project("{2150E333-8FDC-42A3-9474-1A3956D46DE8}") = "Services", "Services", "{B956C947-B5BA-4CE5-A559-298CB1B6C2D6}"
EndProject
Project("{2150E333-8FDC-42A3-9474-1A3956D46DE8}") = "Web", "Web", "{F4E9C858-2072-454B-931B-546F203A0BD9}"
EndProject
Project("{2150E333-8FDC-42A3-9474-1A3956D46DE8}") = "Windows", "Windows", "{8ACEF514-DF42-47C9-A744-E89537BB67A1}"
EndProject
Global
	GlobalSection(SolutionConfigurationPlatforms) = preSolution
		Debug|Any CPU = Debug|Any CPU
		Release|Any CPU = Release|Any CPU
	EndGlobalSection
	GlobalSection(ProjectConfigurationPlatforms) = postSolution
		{0AFAB303-AF3F-4EF4-9594-E653B9EA6E6A}.Debug|Any CPU.ActiveCfg = Debug|Any CPU
		{0AFAB303-AF3F-4EF4-9594-E653B9EA6E6A}.Debug|Any CPU.Build.0 = Debug|Any CPU
		{0AFAB303-AF3F-4EF4-9594-E653B9EA6E6A}.Release|Any CPU.ActiveCfg = Release|Any CPU
		{0AFAB303-AF3F-4EF4-9594-E653B9EA6E6A}.Release|Any CPU.Build.0 = Release|Any CPU
		{5FFAF8F1-173C-4581-9737-102DA84CF5E2}.Debug|Any CPU.ActiveCfg = Debug|Any CPU
		{5FFAF8F1-173C-4581-9737-102DA84CF5E2}.Debug|Any CPU.Build.0 = Debug|Any CPU
		{5FFAF8F1-173C-4581-9737-102DA84CF5E2}.Release|Any CPU.ActiveCfg = Release|Any CPU
		{5FFAF8F1-173C-4581-9737-102DA84CF5E2}.Release|Any CPU.Build.0 = Release|Any CPU
		{A810F687-47E9-4A4D-86A0-29B653B4D81A}.Debug|Any CPU.ActiveCfg = Debug|Any CPU
		{A810F687-47E9-4A4D-86A0-29B653B4D81A}.Debug|Any CPU.Build.0 = Debug|Any CPU
		{A810F687-47E9-4A4D-86A0-29B653B4D81A}.Release|Any CPU.ActiveCfg = Release|Any CPU
		{A810F687-47E9-4A4D-86A0-29B653B4D81A}.Release|Any CPU.Build.0 = Release|Any CPU
		{3BCC3BA2-5184-4029-BC04-AEF80D3B3901}.Debug|Any CPU.ActiveCfg = Debug|Any CPU
		{3BCC3BA2-5184-4029-BC04-AEF80D3B3901}.Debug|Any CPU.Build.0 = Debug|Any CPU
		{3BCC3BA2-5184-4029-BC04-AEF80D3B3901}.Release|Any CPU.ActiveCfg = Release|Any CPU
		{3BCC3BA2-5184-4029-BC04-AEF80D3B3901}.Release|Any CPU.Build.0 = Release|Any CPU
		{F0C6ECD5-CE28-4C9B-825C-3C1D9EC927B4}.Debug|Any CPU.ActiveCfg = Debug|Any CPU
		{F0C6ECD5-CE28-4C9B-825C-3C1D9EC927B4}.Debug|Any CPU.Build.0 = Debug|Any CPU
		{F0C6ECD5-CE28-4C9B-825C-3C1D9EC927B4}.Release|Any CPU.ActiveCfg = Release|Any CPU
		{F0C6ECD5-CE28-4C9B-825C-3C1D9EC927B4}.Release|Any CPU.Build.0 = Release|Any CPU
		{532537BD-1EA0-478B-B038-FF2B885A833E}.Debug|Any CPU.ActiveCfg = Debug|Any CPU
		{532537BD-1EA0-478B-B038-FF2B885A833E}.Debug|Any CPU.Build.0 = Debug|Any CPU
		{532537BD-1EA0-478B-B038-FF2B885A833E}.Release|Any CPU.ActiveCfg = Release|Any CPU
		{532537BD-1EA0-478B-B038-FF2B885A833E}.Release|Any CPU.Build.0 = Release|Any CPU
	EndGlobalSection
	GlobalSection(SolutionProperties) = preSolution
		HideSolutionNode = FALSE
	EndGlobalSection
	GlobalSection(NestedProjects) = preSolution
		{0AFAB303-AF3F-4EF4-9594-E653B9EA6E6A} = {81C85D05-E278-4DDE-84C8-29EE6DA29735}
		{5FFAF8F1-173C-4581-9737-102DA84CF5E2} = {3952C378-B7D0-4837-AFA0-93E2BD5E1B69}
		{A810F687-47E9-4A4D-86A0-29B653B4D81A} = {963902EE-1449-427D-9788-D10B4FCC3BEA}
		{3BCC3BA2-5184-4029-BC04-AEF80D3B3901} = {8ACEF514-DF42-47C9-A744-E89537BB67A1}
		{F0C6ECD5-CE28-4C9B-825C-3C1D9EC927B4} = {322AC76D-B35F-4298-8F54-DB99AA611B20}
		{532537BD-1EA0-478B-B038-FF2B885A833E} = {15C82386-7625-41A2-A175-91F3F6474E32}
		{F4E9C858-2072-454B-931B-546F203A0BD9} = {B956C947-B5BA-4CE5-A559-298CB1B6C2D6}
		{8ACEF514-DF42-47C9-A744-E89537BB67A1} = {B956C947-B5BA-4CE5-A559-298CB1B6C2D6}
	EndGlobalSection
EndGlobal
